
Microsoft Visual Studio Solution File, Format Version 12.00
# Visual Studio Version 17
VisualStudioVersion = 17.0.31903.59
MinimumVisualStudioVersion = 10.0.40219.1
Project("{FAE04EC0-301F-11D3-BF4B-00C04F79EFBC}") = "CodexSdk", "CodexSdk\CodexSdk.csproj", "{61FE7F69-6F4F-4779-91C0-B4320F901339}"
EndProject
Project("{FAE04EC0-301F-11D3-BF4B-00C04F79EFBC}") = "CodexSdk.ConsoleDemo", "CodexSdk.ConsoleDemo\CodexSdk.ConsoleDemo.csproj", "{71041051-4548-4687-B6A7-023FC5632DA2}"
EndProject
Global
	GlobalSection(SolutionConfigurationPlatforms) = preSolution
		Debug|Any CPU = Debug|Any CPU
		Debug|x64 = Debug|x64
		Debug|x86 = Debug|x86
		Release|Any CPU = Release|Any CPU
		Release|x64 = Release|x64
		Release|x86 = Release|x86
	EndGlobalSection
	GlobalSection(ProjectConfigurationPlatforms) = postSolution
		{61FE7F69-6F4F-4779-91C0-B4320F901339}.Debug|Any CPU.ActiveCfg = Debug|Any CPU
		{61FE7F69-6F4F-4779-91C0-B4320F901339}.Debug|Any CPU.Build.0 = Debug|Any CPU
		{61FE7F69-6F4F-4779-91C0-B4320F901339}.Debug|x64.ActiveCfg = Debug|Any CPU
		{61FE7F69-6F4F-4779-91C0-B4320F901339}.Debug|x64.Build.0 = Debug|Any CPU
		{61FE7F69-6F4F-4779-91C0-B4320F901339}.Debug|x86.ActiveCfg = Debug|Any CPU
		{61FE7F69-6F4F-4779-91C0-B4320F901339}.Debug|x86.Build.0 = Debug|Any CPU
		{61FE7F69-6F4F-4779-91C0-B4320F901339}.Release|Any CPU.ActiveCfg = Release|Any CPU
		{61FE7F69-6F4F-4779-91C0-B4320F901339}.Release|Any CPU.Build.0 = Release|Any CPU
		{61FE7F69-6F4F-4779-91C0-B4320F901339}.Release|x64.ActiveCfg = Release|Any CPU
		{61FE7F69-6F4F-4779-91C0-B4320F901339}.Release|x64.Build.0 = Release|Any CPU
		{61FE7F69-6F4F-4779-91C0-B4320F901339}.Release|x86.ActiveCfg = Release|Any CPU
		{61FE7F69-6F4F-4779-91C0-B4320F901339}.Release|x86.Build.0 = Release|Any CPU
		{71041051-4548-4687-B6A7-023FC5632DA2}.Debug|Any CPU.ActiveCfg = Debug|Any CPU
		{71041051-4548-4687-B6A7-023FC5632DA2}.Debug|Any CPU.Build.0 = Debug|Any CPU
		{71041051-4548-4687-B6A7-023FC5632DA2}.Debug|x64.ActiveCfg = Debug|Any CPU
		{71041051-4548-4687-B6A7-023FC5632DA2}.Debug|x64.Build.0 = Debug|Any CPU
		{71041051-4548-4687-B6A7-023FC5632DA2}.Debug|x86.ActiveCfg = Debug|Any CPU
		{71041051-4548-4687-B6A7-023FC5632DA2}.Debug|x86.Build.0 = Debug|Any CPU
		{71041051-4548-4687-B6A7-023FC5632DA2}.Release|Any CPU.ActiveCfg = Release|Any CPU
		{71041051-4548-4687-B6A7-023FC5632DA2}.Release|Any CPU.Build.0 = Release|Any CPU
		{71041051-4548-4687-B6A7-023FC5632DA2}.Release|x64.ActiveCfg = Release|Any CPU
		{71041051-4548-4687-B6A7-023FC5632DA2}.Release|x64.Build.0 = Release|Any CPU
		{71041051-4548-4687-B6A7-023FC5632DA2}.Release|x86.ActiveCfg = Release|Any CPU
		{71041051-4548-4687-B6A7-023FC5632DA2}.Release|x86.Build.0 = Release|Any CPU
	EndGlobalSection
	GlobalSection(SolutionProperties) = preSolution
		HideSolutionNode = FALSE
	EndGlobalSection
EndGlobal
